
Microsoft Visual Studio Solution File, Format Version 11.00
# Visual Studio 2010
Project("{8BC9CEB8-8B4A-11D0-8D11-00A0C91BC942}") = "SBIR_feeder", "SBIR_feeder\SBIR_feeder.vcxproj", "{B35C3255-7BC2-4011-88B6-CB0476FE70DA}"
EndProject
Global
	GlobalSection(SolutionConfigurationPlatforms) = preSolution
		Debug|Win32 = Debug|Win32
		Release|Win32 = Release|Win32
	EndGlobalSection
	GlobalSection(ProjectConfigurationPlatforms) = postSolution
		{B35C3255-7BC2-4011-88B6-CB0476FE70DA}.Debug|Win32.ActiveCfg = Debug|Win32
		{B35C3255-7BC2-4011-88B6-CB0476FE70DA}.Debug|Win32.Build.0 = Debug|Win32
		{B35C3255-7BC2-4011-88B6-CB0476FE70DA}.Release|Win32.ActiveCfg = Release|Win32
		{B35C3255-7BC2-4011-88B6-CB0476FE70DA}.Release|Win32.Build.0 = Release|Win32
	EndGlobalSection
	GlobalSection(SolutionProperties) = preSolution
		HideSolutionNode = FALSE
	EndGlobalSection
EndGlobal
